{
    "name": "open-in-browser-v2",
    "version": "3.2.0",
    "lockfileVersion": 3,
    "requires": true,
    "packages": {
        "": {
            "name": "open-in-browser-v2",
            "version": "3.2.0",
            "dependencies": {
                "@iarna/toml": "^2.2.5",
                "open": "^8.4.2"
            },
            "devDependencies": {
                "@types/iarna__toml": "^2.0.5",
                "@types/mocha": "^10.0.0",
                "@types/node": "^20.0.0",
                "@types/vscode": "^1.30.0",
                "typescript": "^5.3.0"
            },
            "engines": {
                "vscode": "^1.30.0"
            }
        },
        "node_modules/@iarna/toml": {
            "version": "2.2.5",
            "resolved": "https://registry.npmjs.org/@iarna/toml/-/toml-2.2.5.tgz",
            "integrity": "sha512-trnsAYxU3xnS1gPHPyU961coFyLkh4gAD/0zQ5mymY4yOZ+CYvsPqUbOFSw0aDM4y0tV7tiFxL/1XfXPNC6IPg==",
            "license": "ISC"
        },
        "node_modules/@types/iarna__toml": {
            "version": "2.0.5",
            "resolved": "https://registry.npmjs.org/@types/iarna__toml/-/iarna__toml-2.0.5.tgz",
            "integrity": "sha512-I55y+SxI0ayM4MBU6yfGJGmi4wRll6wtSeKiFYAZj+Z5Q1DVbMgBSVDYY+xQZbjIlLs/pN4fidnvR8faDrmxPg==",
            "dev": true,
            "license": "MIT",
            "dependencies": {
                "@types/node": "*"
            }
        },
        "node_modules/@types/mocha": {
            "version": "10.0.10",
            "resolved": "https://registry.npmjs.org/@types/mocha/-/mocha-10.0.10.tgz",
            "integrity": "sha512-xPyYSz1cMPnJQhl0CLMH68j3gprKZaTjG3s5Vi+fDgx+uhG9NOXwbVt52eFS8ECyXhyKcjDLCBEqBExKuiZb7Q==",
            "dev": true,
            "license": "MIT"
        },
        "node_modules/@types/node": {
            "version": "20.19.25",
            "resolved": "https://registry.npmjs.org/@types/node/-/node-20.19.25.tgz",
            "integrity": "sha512-ZsJzA5thDQMSQO788d7IocwwQbI8B5OPzmqNvpf3NY/+MHDAS759Wo0gd2WQeXYt5AAAQjzcrTVC6SKCuYgoCQ==",
            "dev": true,
            "license": "MIT",
            "dependencies": {
                "undici-types": "~6.21.0"
            }
        },
        "node_modules/@types/vscode": {
            "version": "1.30.0",
            "resolved": "https://registry.npmjs.org/@types/vscode/-/vscode-1.30.0.tgz",
            "integrity": "sha512-xRas+PW/fM/MoonB+Pawg48bGTjCqJsFUFwZpH/q2oW80AMHGDAUTUqySBnqeQ18e/SNi7NOCf3ZkYOzKm3Pqw==",
            "dev": true,
            "license": "MIT"
        },
        "node_modules/define-lazy-prop": {
            "version": "2.0.0",
            "resolved": "https://registry.npmjs.org/define-lazy-prop/-/define-lazy-prop-2.0.0.tgz",
            "integrity": "sha512-Ds09qNh8yw3khSjiJjiUInaGX9xlqZDY7JVryGxdxV7NPeuqQfplOpQ66yJFZut3jLa5zOwkXw1g9EI2uKh4Og==",
            "license": "MIT",
            "engines": {
                "node": ">=8"
            }
        },
        "node_modules/is-docker": {
            "version": "2.2.1",
            "resolved": "https://registry.npmjs.org/is-docker/-/is-docker-2.2.1.tgz",
            "integrity": "sha512-F+i2BKsFrH66iaUFc0woD8sLy8getkwTwtOBjvs56Cx4CgJDeKQeqfz8wAYiSb8JOprWhHH5p77PbmYCvvUuXQ==",
            "license": "MIT",
            "bin": {
                "is-docker": "cli.js"
            },
            "engines": {
                "node": ">=8"
            },
            "funding": {
                "url": "https://github.com/sponsors/sindresorhus"
            }
        },
        "node_modules/is-wsl": {
            "version": "2.2.0",
            "resolved": "https://registry.npmjs.org/is-wsl/-/is-wsl-2.2.0.tgz",
            "integrity": "sha512-fKzAra0rGJUUBwGBgNkHZuToZcn+TtXHpeCgmkMJMMYx1sQDYaCSyjJBSCa2nH1DGm7s3n1oBnohoVTBaN7Lww==",
            "license": "MIT",
            "dependencies": {
                "is-docker": "^2.0.0"
            },
            "engines": {
                "node": ">=8"
            }
        },
        "node_modules/open": {
            "version": "8.4.2",
            "resolved": "https://registry.npmjs.org/open/-/open-8.4.2.tgz",
            "integrity": "sha512-7x81NCL719oNbsq/3mh+hVrAWmFuEYUqrq/Iw3kUzH8ReypT9QQ0BLoJS7/G9k6N81XjW4qHWtjWwe/9eLy1EQ==",
            "license": "MIT",
            "dependencies": {
                "define-lazy-prop": "^2.0.0",
                "is-docker": "^2.1.1",
                "is-wsl": "^2.2.0"
            },
            "engines": {
                "node": ">=12"
            },
            "funding": {
                "url": "https://github.com/sponsors/sindresorhus"
            }
        },
        "node_modules/typescript": {
            "version": "5.9.3",
            "resolved": "https://registry.npmjs.org/typescript/-/typescript-5.9.3.tgz",
            "integrity": "sha512-jl1vZzPDinLr9eUt3J/t7V6FgNEw9QjvBPdysz9KfQDD41fQrC2Y4vKQdiaUpFT4bXlb1RHhLpp8wtm6M5TgSw==",
            "dev": true,
            "license": "Apache-2.0",
            "bin": {
                "tsc": "bin/tsc",
                "tsserver": "bin/tsserver"
            },
            "engines": {
                "node": ">=14.17"
            }
        },
        "node_modules/undici-types": {
            "version": "6.21.0",
            "resolved": "https://registry.npmjs.org/undici-types/-/undici-types-6.21.0.tgz",
            "integrity": "sha512-iwDZqg0QAGrg9Rav5H4n0M64c3mkR59cJ6wQp+7C4nI0gsmExaedaYLNO44eT4AtBBwjbTiGPMlt2Md0T9H9JQ==",
            "dev": true,
            "license": "MIT"
        }
    }
}
